
Microsoft Visual Studio Solution File, Format Version 12.00
# Visual Studio Version 17
VisualStudioVersion = 17.7.34031.279
MinimumVisualStudioVersion = 10.0.40219.1
Project("{FAE04EC0-301F-11D3-BF4B-00C04F79EFBC}") = "RabbitMqProducer", "RabbitMqProducer\RabbitMqProducer.csproj", "{C6D8E1D2-051E-4A5B-B58C-5FEF4B7DE402}"
EndProject
Global
	GlobalSection(SolutionConfigurationPlatforms) = preSolution
		Debug|Any CPU = Debug|Any CPU
		Release|Any CPU = Release|Any CPU
	EndGlobalSection
	GlobalSection(ProjectConfigurationPlatforms) = postSolution
		{C6D8E1D2-051E-4A5B-B58C-5FEF4B7DE402}.Debug|Any CPU.ActiveCfg = Debug|Any CPU
		{C6D8E1D2-051E-4A5B-B58C-5FEF4B7DE402}.Debug|Any CPU.Build.0 = Debug|Any CPU
		{C6D8E1D2-051E-4A5B-B58C-5FEF4B7DE402}.Release|Any CPU.ActiveCfg = Release|Any CPU
		{C6D8E1D2-051E-4A5B-B58C-5FEF4B7DE402}.Release|Any CPU.Build.0 = Release|Any CPU
	EndGlobalSection
	GlobalSection(SolutionProperties) = preSolution
		HideSolutionNode = FALSE
	EndGlobalSection
	GlobalSection(ExtensibilityGlobals) = postSolution
		SolutionGuid = {4BB13C57-7122-4AA7-942A-E5AB3986F7E2}
	EndGlobalSection
EndGlobal
