
Microsoft Visual Studio Solution File, Format Version 12.00
# Visual Studio Version 17
VisualStudioVersion = 17.7.34031.279
MinimumVisualStudioVersion = 10.0.40219.1
Project("{FAE04EC0-301F-11D3-BF4B-00C04F79EFBC}") = "MassTranzitT4[GTaylor]API", "MassTranzitT4[GTaylor]API\MassTranzitT4[GTaylor]API.csproj", "{9A1D8770-FBE0-4464-8B88-85476B1C2CD0}"
EndProject
Global
	GlobalSection(SolutionConfigurationPlatforms) = preSolution
		Debug|Any CPU = Debug|Any CPU
		Release|Any CPU = Release|Any CPU
	EndGlobalSection
	GlobalSection(ProjectConfigurationPlatforms) = postSolution
		{9A1D8770-FBE0-4464-8B88-85476B1C2CD0}.Debug|Any CPU.ActiveCfg = Debug|Any CPU
		{9A1D8770-FBE0-4464-8B88-85476B1C2CD0}.Debug|Any CPU.Build.0 = Debug|Any CPU
		{9A1D8770-FBE0-4464-8B88-85476B1C2CD0}.Release|Any CPU.ActiveCfg = Release|Any CPU
		{9A1D8770-FBE0-4464-8B88-85476B1C2CD0}.Release|Any CPU.Build.0 = Release|Any CPU
	EndGlobalSection
	GlobalSection(SolutionProperties) = preSolution
		HideSolutionNode = FALSE
	EndGlobalSection
	GlobalSection(ExtensibilityGlobals) = postSolution
		SolutionGuid = {AA9756F4-5B35-4DB8-912A-D8CEA7E25C8E}
	EndGlobalSection
EndGlobal
